
Microsoft Visual Studio Solution File, Format Version 12.00
# Visual Studio Version 17
VisualStudioVersion = 17.9.34622.214
MinimumVisualStudioVersion = 10.0.40219.1
Project("{FAE04EC0-301F-11D3-BF4B-00C04F79EFBC}") = "AIRecommender.CoreEngine", "AIRecommender.CoreEngine\AIRecommender.CoreEngine.csproj", "{E1BBC27E-3B8F-4665-BA42-90153C3643D9}"
EndProject
Project("{FAE04EC0-301F-11D3-BF4B-00C04F79EFBC}") = "AIRecommender.Test", "AIRecommender.Test\AIRecommender.Test.csproj", "{C67C1524-975B-4A0A-9382-E3B05ADEDE22}"
EndProject
Project("{FAE04EC0-301F-11D3-BF4B-00C04F79EFBC}") = "AIRecommender.DataLoader", "AIRecommender.DataLoader\AIRecommender.DataLoader.csproj", "{5DB58800-B6D9-4B83-9FAD-3ED79B2E29DF}"
EndProject
Project("{FAE04EC0-301F-11D3-BF4B-00C04F79EFBC}") = "AIRecommender.Entities", "AIRecommender.Entities\AIRecommender.Entities.csproj", "{5FF85F4A-B5E3-4C2A-A911-BE5CDCB679B8}"
EndProject
Project("{FAE04EC0-301F-11D3-BF4B-00C04F79EFBC}") = "AIRecommender.DataAggrigator", "AIRecommender.DataAggrigator\AIRecommender.DataAggrigator.csproj", "{0CC242BD-DA69-4D4C-9612-252E0A6C1F6F}"
EndProject
Project("{FAE04EC0-301F-11D3-BF4B-00C04F79EFBC}") = "AIRecommender.UIClient", "AIRecommender.UIClient\AIRecommender.UIClient.csproj", "{782DE6DC-8378-4988-AE83-3889C39C03F3}"
EndProject
Project("{FAE04EC0-301F-11D3-BF4B-00C04F79EFBC}") = "AIRecommender.CoreEngine.UnitTest", "AIRecommender.CoreEngine.UnitTest\AIRecommender.CoreEngine.UnitTest.csproj", "{A861F5F7-75E1-400F-A9D7-0AFEE5AAE450}"
EndProject
Project("{FAE04EC0-301F-11D3-BF4B-00C04F79EFBC}") = "AIRecommender.Exceptions", "AIRecommender.Exceptions\AIRecommender.Exceptions.csproj", "{B7045874-C39C-4066-8DD3-CD85755DF32E}"
EndProject
Global
	GlobalSection(SolutionConfigurationPlatforms) = preSolution
		Debug|Any CPU = Debug|Any CPU
		Release|Any CPU = Release|Any CPU
	EndGlobalSection
	GlobalSection(ProjectConfigurationPlatforms) = postSolution
		{E1BBC27E-3B8F-4665-BA42-90153C3643D9}.Debug|Any CPU.ActiveCfg = Debug|Any CPU
		{E1BBC27E-3B8F-4665-BA42-90153C3643D9}.Debug|Any CPU.Build.0 = Debug|Any CPU
		{E1BBC27E-3B8F-4665-BA42-90153C3643D9}.Release|Any CPU.ActiveCfg = Release|Any CPU
		{E1BBC27E-3B8F-4665-BA42-90153C3643D9}.Release|Any CPU.Build.0 = Release|Any CPU
		{C67C1524-975B-4A0A-9382-E3B05ADEDE22}.Debug|Any CPU.ActiveCfg = Debug|Any CPU
		{C67C1524-975B-4A0A-9382-E3B05ADEDE22}.Debug|Any CPU.Build.0 = Debug|Any CPU
		{C67C1524-975B-4A0A-9382-E3B05ADEDE22}.Release|Any CPU.ActiveCfg = Release|Any CPU
		{C67C1524-975B-4A0A-9382-E3B05ADEDE22}.Release|Any CPU.Build.0 = Release|Any CPU
		{5DB58800-B6D9-4B83-9FAD-3ED79B2E29DF}.Debug|Any CPU.ActiveCfg = Debug|Any CPU
		{5DB58800-B6D9-4B83-9FAD-3ED79B2E29DF}.Debug|Any CPU.Build.0 = Debug|Any CPU
		{5DB58800-B6D9-4B83-9FAD-3ED79B2E29DF}.Release|Any CPU.ActiveCfg = Release|Any CPU
		{5DB58800-B6D9-4B83-9FAD-3ED79B2E29DF}.Release|Any CPU.Build.0 = Release|Any CPU
		{5FF85F4A-B5E3-4C2A-A911-BE5CDCB679B8}.Debug|Any CPU.ActiveCfg = Debug|Any CPU
		{5FF85F4A-B5E3-4C2A-A911-BE5CDCB679B8}.Debug|Any CPU.Build.0 = Debug|Any CPU
		{5FF85F4A-B5E3-4C2A-A911-BE5CDCB679B8}.Release|Any CPU.ActiveCfg = Release|Any CPU
		{5FF85F4A-B5E3-4C2A-A911-BE5CDCB679B8}.Release|Any CPU.Build.0 = Release|Any CPU
		{0CC242BD-DA69-4D4C-9612-252E0A6C1F6F}.Debug|Any CPU.ActiveCfg = Debug|Any CPU
		{0CC242BD-DA69-4D4C-9612-252E0A6C1F6F}.Debug|Any CPU.Build.0 = Debug|Any CPU
		{0CC242BD-DA69-4D4C-9612-252E0A6C1F6F}.Release|Any CPU.ActiveCfg = Release|Any CPU
		{0CC242BD-DA69-4D4C-9612-252E0A6C1F6F}.Release|Any CPU.Build.0 = Release|Any CPU
		{782DE6DC-8378-4988-AE83-3889C39C03F3}.Debug|Any CPU.ActiveCfg = Debug|Any CPU
		{782DE6DC-8378-4988-AE83-3889C39C03F3}.Debug|Any CPU.Build.0 = Debug|Any CPU
		{782DE6DC-8378-4988-AE83-3889C39C03F3}.Release|Any CPU.ActiveCfg = Release|Any CPU
		{782DE6DC-8378-4988-AE83-3889C39C03F3}.Release|Any CPU.Build.0 = Release|Any CPU
		{A861F5F7-75E1-400F-A9D7-0AFEE5AAE450}.Debug|Any CPU.ActiveCfg = Debug|Any CPU
		{A861F5F7-75E1-400F-A9D7-0AFEE5AAE450}.Debug|Any CPU.Build.0 = Debug|Any CPU
		{A861F5F7-75E1-400F-A9D7-0AFEE5AAE450}.Release|Any CPU.ActiveCfg = Release|Any CPU
		{A861F5F7-75E1-400F-A9D7-0AFEE5AAE450}.Release|Any CPU.Build.0 = Release|Any CPU
		{B7045874-C39C-4066-8DD3-CD85755DF32E}.Debug|Any CPU.ActiveCfg = Debug|Any CPU
		{B7045874-C39C-4066-8DD3-CD85755DF32E}.Debug|Any CPU.Build.0 = Debug|Any CPU
		{B7045874-C39C-4066-8DD3-CD85755DF32E}.Release|Any CPU.ActiveCfg = Release|Any CPU
		{B7045874-C39C-4066-8DD3-CD85755DF32E}.Release|Any CPU.Build.0 = Release|Any CPU
	EndGlobalSection
	GlobalSection(SolutionProperties) = preSolution
		HideSolutionNode = FALSE
	EndGlobalSection
	GlobalSection(ExtensibilityGlobals) = postSolution
		SolutionGuid = {0E19AADF-EB1C-4F9E-87E6-6796B44D93F4}
	EndGlobalSection
EndGlobal
